PODS:
  - AFNetworking/NSURLSession (4.0.1):
    - AFNetworking/Reachability
    - AFNetworking/Security
    - AFNetworking/Serialization
  - AFNetworking/Reachability (4.0.1)
  - AFNetworking/Security (4.0.1)
  - AFNetworking/Serialization (4.0.1)
  - FMDB (2.7.5):
    - FMDB/standard (= 2.7.5)
  - FMDB/standard (2.7.5)
  - Kingfisher (5.7.1)
  - MBProgressHUD (1.1.0)
  - MistSDK (1.4.2)
  - PWCoreNoAds (3.8.8):
    - AFNetworking/NSURLSession
    - AFNetworking/Reachability
    - AFNetworking/Security
    - AFNetworking/Serialization
    - SSZipArchive
    - TMCache
  - PWEngagement/NoAds (3.7.4):
    - FMDB
    - MistSDK (= 1.4.2)
    - PWCoreNoAds (~> 3.8.0)
  - PWLocation/NoAds (3.8.4):
    - MistSDK (= 1.4.2)
    - PWCoreNoAds (~> 3.8.0)
    - SSZipArchive
    - TMCache
  - PWMapKit/NoAds (3.9.1):
    - PWLocation/NoAds (~> 3.8.0)
  - SDCAlertView (11.1.2)
  - SSZipArchive (2.4.2)
  - TMCache (2.1.0)

DEPENDENCIES:
  - Kingfisher (= 5.7.1)
  - MBProgressHUD (= 1.1.0)
  - PWEngagement/NoAds (= 3.7.4)
  - PWLocation/NoAds (= 3.8.4)
  - PWMapKit/NoAds (= 3.9.1)
  - SDCAlertView (= 11.1.2)

SPEC REPOS:
  trunk:
    - AFNetworking
    - FMDB
    - Kingfisher
    - MBProgressHUD
    - MistSDK
    - PWCoreNoAds
    - PWEngagement
    - PWLocation
    - PWMapKit
    - SDCAlertView
    - SSZipArchive
    - TMCache

SPEC CHECKSUMS:
  AFNetworking: 7864c38297c79aaca1500c33288e429c3451fdce
  FMDB: 2ce00b547f966261cd18927a3ddb07cb6f3db82a
  Kingfisher: 176d377ad339113c99ad4980cbae687f807e20fe
  MBProgressHUD: e7baa36a220447d8aeb12769bf0585582f3866d9
  MistSDK: b49e089eef57e66b61b61ded3c5272f1455fe259
  PWCoreNoAds: da55f2361491fb5f4df5072959527bbfe7b2a114
  PWEngagement: 9d14221c00f83f18ba8d9e00d5b58daaa32abc70
  PWLocation: f5ded53262a22432ba4541262e7374ab08815c79
  PWMapKit: 89d42e62c734337b0cce047485202ae2068f0070
  SDCAlertView: 26b5dabdd3c2e6f16c88bad231c84447fa42b0dc
  SSZipArchive: e7b4f3d9e780c2acc1764cd88fbf2de28f26e5b2
  TMCache: 95ebcc9b3c7e90fb5fd8fc3036cba3aa781c9bed

PODFILE CHECKSUM: 9e552da1c021c001d457fa2f5b0a6781f0cf7e0e

COCOAPODS: 1.10.1
